
Microsoft Visual Studio Solution File, Format Version 12.00
# Visual Studio 15
Project("{FAE04EC0-301F-11D3-BF4B-00C04F79EFBC}") = "XMC", "Assembly-CSharp.csproj", "{2258B967-67AC-CC79-2B3F-D334493DB1C7}"
EndProject
Project("{FAE04EC0-301F-11D3-BF4B-00C04F79EFBC}") = "XMC", "Assembly-CSharp-Editor.csproj", "{BF7ACAD2-F50E-BF4A-CAE1-EFFC784BED02}"
EndProject
Global
	GlobalSection(SolutionConfigurationPlatforms) = preSolution
		Debug|Any CPU = Debug|Any CPU
		Release|Any CPU = Release|Any CPU
	EndGlobalSection
	GlobalSection(ProjectConfigurationPlatforms) = postSolution
		{2258B967-67AC-CC79-2B3F-D334493DB1C7}.Debug|Any CPU.ActiveCfg = Debug|Any CPU
		{2258B967-67AC-CC79-2B3F-D334493DB1C7}.Debug|Any CPU.Build.0 = Debug|Any CPU
		{2258B967-67AC-CC79-2B3F-D334493DB1C7}.Release|Any CPU.ActiveCfg = Release|Any CPU
		{2258B967-67AC-CC79-2B3F-D334493DB1C7}.Release|Any CPU.Build.0 = Release|Any CPU
		{BF7ACAD2-F50E-BF4A-CAE1-EFFC784BED02}.Debug|Any CPU.ActiveCfg = Debug|Any CPU
		{BF7ACAD2-F50E-BF4A-CAE1-EFFC784BED02}.Debug|Any CPU.Build.0 = Debug|Any CPU
		{BF7ACAD2-F50E-BF4A-CAE1-EFFC784BED02}.Release|Any CPU.ActiveCfg = Release|Any CPU
		{BF7ACAD2-F50E-BF4A-CAE1-EFFC784BED02}.Release|Any CPU.Build.0 = Release|Any CPU
	EndGlobalSection
	GlobalSection(SolutionProperties) = preSolution
		HideSolutionNode = FALSE
	EndGlobalSection
EndGlobal
