
Microsoft Visual Studio Solution File, Format Version 12.00
# Visual Studio 15
Project("{FAE04EC0-301F-11D3-BF4B-00C04F79EFBC}") = "Assembly-CSharp", "Assembly-CSharp.csproj", "{DB52A201-58AC-D524-17AA-7C71640DC7CD}"
EndProject
Project("{FAE04EC0-301F-11D3-BF4B-00C04F79EFBC}") = "Assembly-CSharp-Editor", "Assembly-CSharp-Editor.csproj", "{7437F608-AA19-DE68-EEDC-8DC8E9FA0484}"
EndProject
Global
	GlobalSection(SolutionConfigurationPlatforms) = preSolution
		Debug|Any CPU = Debug|Any CPU
		Release|Any CPU = Release|Any CPU
	EndGlobalSection
	GlobalSection(ProjectConfigurationPlatforms) = postSolution
		{DB52A201-58AC-D524-17AA-7C71640DC7CD}.Debug|Any CPU.ActiveCfg = Debug|Any CPU
		{DB52A201-58AC-D524-17AA-7C71640DC7CD}.Debug|Any CPU.Build.0 = Debug|Any CPU
		{DB52A201-58AC-D524-17AA-7C71640DC7CD}.Release|Any CPU.ActiveCfg = Release|Any CPU
		{DB52A201-58AC-D524-17AA-7C71640DC7CD}.Release|Any CPU.Build.0 = Release|Any CPU
		{7437F608-AA19-DE68-EEDC-8DC8E9FA0484}.Debug|Any CPU.ActiveCfg = Debug|Any CPU
		{7437F608-AA19-DE68-EEDC-8DC8E9FA0484}.Debug|Any CPU.Build.0 = Debug|Any CPU
		{7437F608-AA19-DE68-EEDC-8DC8E9FA0484}.Release|Any CPU.ActiveCfg = Release|Any CPU
		{7437F608-AA19-DE68-EEDC-8DC8E9FA0484}.Release|Any CPU.Build.0 = Release|Any CPU
	EndGlobalSection
	GlobalSection(SolutionProperties) = preSolution
		HideSolutionNode = FALSE
	EndGlobalSection
EndGlobal
